// !$*UTF8*$!
{
	archiveVersion = 1;
	classes = {
	};
	objectVersion = 55;
	objects = {

/* Begin PBXBuildFile section */
		8D27C1CB28042CEA007C7847 /* PowerUp.swift in Sources */ = {isa = PBXBuildFile; fileRef = 8D27C1CA28042CEA007C7847 /* PowerUp.swift */; };
		8D27C1CF2804AB70007C7847 /* Enemy.swift in Sources */ = {isa = PBXBuildFile; fileRef = 8D27C1CE2804AB70007C7847 /* Enemy.swift */; };
		8D3114752806DC1600AE82BD /* BluePowerUp.swift in Sources */ = {isa = PBXBuildFile; fileRef = 8D3114742806DC1600AE82BD /* BluePowerUp.swift */; };
		8D3114772806DC2200AE82BD /* GreenPowerUp.swift in Sources */ = {isa = PBXBuildFile; fileRef = 8D3114762806DC2200AE82BD /* GreenPowerUp.swift */; };
		8DDBA37C27D262BE001B0280 /* AppDelegate.swift in Sources */ = {isa = PBXBuildFile; fileRef = 8DDBA37B27D262BE001B0280 /* AppDelegate.swift */; };
		8DDBA38227D262BE001B0280 /* GameScene.swift in Sources */ = {isa = PBXBuildFile; fileRef = 8DDBA38127D262BE001B0280 /* GameScene.swift */; };
		8DDBA38427D262BE001B0280 /* GameViewController.swift in Sources */ = {isa = PBXBuildFile; fileRef = 8DDBA38327D262BE001B0280 /* GameViewController.swift */; };
		8DDBA38727D262BE001B0280 /* Main.storyboard in Resources */ = {isa = PBXBuildFile; fileRef = 8DDBA38527D262BE001B0280 /* Main.storyboard */; };
		8DDBA38927D262C3001B0280 /* Assets.xcassets in Resources */ = {isa = PBXBuildFile; fileRef = 8DDBA38827D262C3001B0280 /* Assets.xcassets */; };
		8DDBA38C27D262C3001B0280 /* LaunchScreen.storyboard in Resources */ = {isa = PBXBuildFile; fileRef = 8DDBA38A27D262C3001B0280 /* LaunchScreen.storyboard */; };
		8DDBA39327D26580001B0280 /* Background.swift in Sources */ = {isa = PBXBuildFile; fileRef = 8DDBA39227D26580001B0280 /* Background.swift */; };
		8DDBA39527D2699B001B0280 /* Island.swift in Sources */ = {isa = PBXBuildFile; fileRef = 8DDBA39427D2699B001B0280 /* Island.swift */; };
		8DDBA39727D27268001B0280 /* Cloud.swift in Sources */ = {isa = PBXBuildFile; fileRef = 8DDBA39627D27268001B0280 /* Cloud.swift */; };
		8DDBA39927D281C3001B0280 /* PlayerPlane.swift in Sources */ = {isa = PBXBuildFile; fileRef = 8DDBA39827D281C3001B0280 /* PlayerPlane.swift */; };
		8DDBA39D27D28F7A001B0280 /* protocol GameBackgroundSpritable + Extension.swift in Sources */ = {isa = PBXBuildFile; fileRef = 8DDBA39C27D28F7A001B0280 /* protocol GameBackgroundSpritable + Extension.swift */; };
		95189D38280CD04B006DD14E /* GreenPowerUp.atlas in Resources */ = {isa = PBXBuildFile; fileRef = 95189D32280CD04A006DD14E /* GreenPowerUp.atlas */; };
		95189D39280CD04B006DD14E /* Enemy_1.atlas in Resources */ = {isa = PBXBuildFile; fileRef = 95189D33280CD04A006DD14E /* Enemy_1.atlas */; };
		95189D3A280CD04B006DD14E /* PlayerPlane.atlas in Resources */ = {isa = PBXBuildFile; fileRef = 95189D34280CD04A006DD14E /* PlayerPlane.atlas */; };
		95189D3B280CD04B006DD14E /* BluePowerUp.atlas in Resources */ = {isa = PBXBuildFile; fileRef = 95189D35280CD04B006DD14E /* BluePowerUp.atlas */; };
		95189D3C280CD04B006DD14E /* Enemy_2.atlas in Resources */ = {isa = PBXBuildFile; fileRef = 95189D36280CD04B006DD14E /* Enemy_2.atlas */; };
		95189D3D280CD04B006DD14E /* YellowAmmo.atlas in Resources */ = {isa = PBXBuildFile; fileRef = 95189D37280CD04B006DD14E /* YellowAmmo.atlas */; };
		95189D40280EFC56006DD14E /* HUD.swift in Sources */ = {isa = PBXBuildFile; fileRef = 95189D3F280EFC56006DD14E /* HUD.swift */; };
		95189D44280F02C3006DD14E /* ButtonNode.swift in Sources */ = {isa = PBXBuildFile; fileRef = 95189D43280F02C3006DD14E /* ButtonNode.swift */; };
		95189D46280F3560006DD14E /* PauseScene.swift in Sources */ = {isa = PBXBuildFile; fileRef = 95189D45280F3560006DD14E /* PauseScene.swift */; };
		95189D4828100761006DD14E /* SceneManager.swift in Sources */ = {isa = PBXBuildFile; fileRef = 95189D4728100761006DD14E /* SceneManager.swift */; };
		95189D4A28119B28006DD14E /* ParentScene.swift in Sources */ = {isa = PBXBuildFile; fileRef = 95189D4928119B28006DD14E /* ParentScene.swift */; };
		95189D4C2811A07A006DD14E /* OptionsScene.swift in Sources */ = {isa = PBXBuildFile; fileRef = 95189D4B2811A07A006DD14E /* OptionsScene.swift */; };
		95189D4E2811C659006DD14E /* BestScene.swift in Sources */ = {isa = PBXBuildFile; fileRef = 95189D4D2811C659006DD14E /* BestScene.swift */; };
		95189D512811E84A006DD14E /* EnemyExplosion.sks in Resources */ = {isa = PBXBuildFile; fileRef = 95189D4F2811E84A006DD14E /* EnemyExplosion.sks */; };
		95189D522811E84A006DD14E /* Assets.xcassets in Resources */ = {isa = PBXBuildFile; fileRef = 95189D502811E84A006DD14E /* Assets.xcassets */; };
		95189D552812D29B006DD14E /* GameOverScene.swift in Sources */ = {isa = PBXBuildFile; fileRef = 95189D542812D29B006DD14E /* GameOverScene.swift */; };
		95205BE8280AF7D300D8B1D1 /* Shot.swift in Sources */ = {isa = PBXBuildFile; fileRef = 95205BE7280AF7D300D8B1D1 /* Shot.swift */; };
		95205BEA280B006900D8B1D1 /* YellowShot.swift in Sources */ = {isa = PBXBuildFile; fileRef = 95205BE9280B006900D8B1D1 /* YellowShot.swift */; };
		95205BED280B298000D8B1D1 /* Assets.swift in Sources */ = {isa = PBXBuildFile; fileRef = 95205BEC280B298000D8B1D1 /* Assets.swift */; };
		95205BFC280C3A9400D8B1D1 /* MenuScene.swift in Sources */ = {isa = PBXBuildFile; fileRef = 95205BFB280C3A9400D8B1D1 /* MenuScene.swift */; };
		95205C00280C597700D8B1D1 /* BitMaskCategory.swift in Sources */ = {isa = PBXBuildFile; fileRef = 95205BFF280C597700D8B1D1 /* BitMaskCategory.swift */; };
/* End PBXBuildFile section */

/* Begin PBXFileReference section */
		8D27C1CA28042CEA007C7847 /* PowerUp.swift */ = {isa = PBXFileReference; lastKnownFileType = sourcecode.swift; path = PowerUp.swift; sourceTree = "<group>"; };
		8D27C1CE2804AB70007C7847 /* Enemy.swift */ = {isa = PBXFileReference; lastKnownFileType = sourcecode.swift; path = Enemy.swift; sourceTree = "<group>"; };
		8D3114742806DC1600AE82BD /* BluePowerUp.swift */ = {isa = PBXFileReference; lastKnownFileType = sourcecode.swift; path = BluePowerUp.swift; sourceTree = "<group>"; };
		8D3114762806DC2200AE82BD /* GreenPowerUp.swift */ = {isa = PBXFileReference; lastKnownFileType = sourcecode.swift; path = GreenPowerUp.swift; sourceTree = "<group>"; };
		8DDBA37827D262BE001B0280 /* WarFly.app */ = {isa = PBXFileReference; explicitFileType = wrapper.application; includeInIndex = 0; path = WarFly.app; sourceTree = BUILT_PRODUCTS_DIR; };
		8DDBA37B27D262BE001B0280 /* AppDelegate.swift */ = {isa = PBXFileReference; lastKnownFileType = sourcecode.swift; path = AppDelegate.swift; sourceTree = "<group>"; };
		8DDBA38127D262BE001B0280 /* GameScene.swift */ = {isa = PBXFileReference; lastKnownFileType = sourcecode.swift; path = GameScene.swift; sourceTree = "<group>"; };
		8DDBA38327D262BE001B0280 /* GameViewController.swift */ = {isa = PBXFileReference; lastKnownFileType = sourcecode.swift; path = GameViewController.swift; sourceTree = "<group>"; };
		8DDBA38627D262BE001B0280 /* Base */ = {isa = PBXFileReference; lastKnownFileType = file.storyboard; name = Base; path = Base.lproj/Main.storyboard; sourceTree = "<group>"; };
		8DDBA38827D262C3001B0280 /* Assets.xcassets */ = {isa = PBXFileReference; lastKnownFileType = folder.assetcatalog; path = Assets.xcassets; sourceTree = "<group>"; };
		8DDBA38B27D262C3001B0280 /* Base */ = {isa = PBXFileReference; lastKnownFileType = file.storyboard; name = Base; path = Base.lproj/LaunchScreen.storyboard; sourceTree = "<group>"; };
		8DDBA39227D26580001B0280 /* Background.swift */ = {isa = PBXFileReference; lastKnownFileType = sourcecode.swift; path = Background.swift; sourceTree = "<group>"; };
		8DDBA39427D2699B001B0280 /* Island.swift */ = {isa = PBXFileReference; lastKnownFileType = sourcecode.swift; path = Island.swift; sourceTree = "<group>"; };
		8DDBA39627D27268001B0280 /* Cloud.swift */ = {isa = PBXFileReference; lastKnownFileType = sourcecode.swift; path = Cloud.swift; sourceTree = "<group>"; };
		8DDBA39827D281C3001B0280 /* PlayerPlane.swift */ = {isa = PBXFileReference; lastKnownFileType = sourcecode.swift; path = PlayerPlane.swift; sourceTree = "<group>"; };
		8DDBA39C27D28F7A001B0280 /* protocol GameBackgroundSpritable + Extension.swift */ = {isa = PBXFileReference; lastKnownFileType = sourcecode.swift; path = "protocol GameBackgroundSpritable + Extension.swift"; sourceTree = "<group>"; };
		95189D32280CD04A006DD14E /* GreenPowerUp.atlas */ = {isa = PBXFileReference; lastKnownFileType = folder.skatlas; path = GreenPowerUp.atlas; sourceTree = "<group>"; };
		95189D33280CD04A006DD14E /* Enemy_1.atlas */ = {isa = PBXFileReference; lastKnownFileType = folder.skatlas; path = Enemy_1.atlas; sourceTree = "<group>"; };
		95189D34280CD04A006DD14E /* PlayerPlane.atlas */ = {isa = PBXFileReference; lastKnownFileType = folder.skatlas; path = PlayerPlane.atlas; sourceTree = "<group>"; };
		95189D35280CD04B006DD14E /* BluePowerUp.atlas */ = {isa = PBXFileReference; lastKnownFileType = folder.skatlas; path = BluePowerUp.atlas; sourceTree = "<group>"; };
		95189D36280CD04B006DD14E /* Enemy_2.atlas */ = {isa = PBXFileReference; lastKnownFileType = folder.skatlas; path = Enemy_2.atlas; sourceTree = "<group>"; };
		95189D37280CD04B006DD14E /* YellowAmmo.atlas */ = {isa = PBXFileReference; lastKnownFileType = folder.skatlas; path = YellowAmmo.atlas; sourceTree = "<group>"; };
		95189D3F280EFC56006DD14E /* HUD.swift */ = {isa = PBXFileReference; lastKnownFileType = sourcecode.swift; path = HUD.swift; sourceTree = "<group>"; };
		95189D43280F02C3006DD14E /* ButtonNode.swift */ = {isa = PBXFileReference; lastKnownFileType = sourcecode.swift; path = ButtonNode.swift; sourceTree = "<group>"; };
		95189D45280F3560006DD14E /* PauseScene.swift */ = {isa = PBXFileReference; lastKnownFileType = sourcecode.swift; path = PauseScene.swift; sourceTree = "<group>"; };
		95189D4728100761006DD14E /* SceneManager.swift */ = {isa = PBXFileReference; lastKnownFileType = sourcecode.swift; path = SceneManager.swift; sourceTree = "<group>"; };
		95189D4928119B28006DD14E /* ParentScene.swift */ = {isa = PBXFileReference; lastKnownFileType = sourcecode.swift; path = ParentScene.swift; sourceTree = "<group>"; };
		95189D4B2811A07A006DD14E /* OptionsScene.swift */ = {isa = PBXFileReference; lastKnownFileType = sourcecode.swift; path = OptionsScene.swift; sourceTree = "<group>"; };
		95189D4D2811C659006DD14E /* BestScene.swift */ = {isa = PBXFileReference; lastKnownFileType = sourcecode.swift; path = BestScene.swift; sourceTree = "<group>"; };
		95189D4F2811E84A006DD14E /* EnemyExplosion.sks */ = {isa = PBXFileReference; lastKnownFileType = file.sks; path = EnemyExplosion.sks; sourceTree = "<group>"; };
		95189D502811E84A006DD14E /* Assets.xcassets */ = {isa = PBXFileReference; lastKnownFileType = folder.assetcatalog; path = Assets.xcassets; sourceTree = "<group>"; };
		95189D542812D29B006DD14E /* GameOverScene.swift */ = {isa = PBXFileReference; lastKnownFileType = sourcecode.swift; path = GameOverScene.swift; sourceTree = "<group>"; };
		95205BE7280AF7D300D8B1D1 /* Shot.swift */ = {isa = PBXFileReference; lastKnownFileType = sourcecode.swift; path = Shot.swift; sourceTree = "<group>"; };
		95205BE9280B006900D8B1D1 /* YellowShot.swift */ = {isa = PBXFileReference; lastKnownFileType = sourcecode.swift; path = YellowShot.swift; sourceTree = "<group>"; };
		95205BEC280B298000D8B1D1 /* Assets.swift */ = {isa = PBXFileReference; lastKnownFileType = sourcecode.swift; path = Assets.swift; sourceTree = "<group>"; };
		95205BFB280C3A9400D8B1D1 /* MenuScene.swift */ = {isa = PBXFileReference; lastKnownFileType = sourcecode.swift; path = MenuScene.swift; sourceTree = "<group>"; };
		95205BFF280C597700D8B1D1 /* BitMaskCategory.swift */ = {isa = PBXFileReference; lastKnownFileType = sourcecode.swift; path = BitMaskCategory.swift; sourceTree = "<group>"; };
/* End PBXFileReference section */

/* Begin PBXFrameworksBuildPhase section */
		8DDBA37527D262BE001B0280 /* Frameworks */ = {
			isa = PBXFrameworksBuildPhase;
			buildActionMask = 2147483647;
			files = (
			);
			runOnlyForDeploymentPostprocessing = 0;
		};
/* End PBXFrameworksBuildPhase section */

/* Begin PBXGroup section */
		8D3114782806DD5400AE82BD /* PowerUp */ = {
			isa = PBXGroup;
			children = (
				8D27C1CA28042CEA007C7847 /* PowerUp.swift */,
				8D3114762806DC2200AE82BD /* GreenPowerUp.swift */,
				8D3114742806DC1600AE82BD /* BluePowerUp.swift */,
			);
			path = PowerUp;
			sourceTree = "<group>";
		};
		8D3114792806DDAD00AE82BD /* Objects */ = {
			isa = PBXGroup;
			children = (
				8DDBA39227D26580001B0280 /* Background.swift */,
				8DDBA39827D281C3001B0280 /* PlayerPlane.swift */,
				8D27C1CE2804AB70007C7847 /* Enemy.swift */,
				8DDBA39627D27268001B0280 /* Cloud.swift */,
				8DDBA39427D2699B001B0280 /* Island.swift */,
				95189D3F280EFC56006DD14E /* HUD.swift */,
				95189D43280F02C3006DD14E /* ButtonNode.swift */,
			);
			path = Objects;
			sourceTree = "<group>";
		};
		8DDBA36F27D262BE001B0280 = {
			isa = PBXGroup;
			children = (
				8DDBA37A27D262BE001B0280 /* WarFly */,
				8DDBA37927D262BE001B0280 /* Products */,
			);
			sourceTree = "<group>";
		};
		8DDBA37927D262BE001B0280 /* Products */ = {
			isa = PBXGroup;
			children = (
				8DDBA37827D262BE001B0280 /* WarFly.app */,
			);
			name = Products;
			sourceTree = "<group>";
		};
		8DDBA37A27D262BE001B0280 /* WarFly */ = {
			isa = PBXGroup;
			children = (
				95205BFE280C40AA00D8B1D1 /* ViewController */,
				95205BFD280C406400D8B1D1 /* Scene */,
				8D3114792806DDAD00AE82BD /* Objects */,
				8D3114782806DD5400AE82BD /* PowerUp */,
				95205BEB280B28C800D8B1D1 /* Shot */,
				95205C01280C70A000D8B1D1 /* BitMask */,
				95205BFA280C39EF00D8B1D1 /* DownloadAtlases */,
				95189D42280EFF10006DD14E /* Protocols end Extensions */,
				95189D41280EFEAD006DD14E /* Supporting files */,
				95189D3E280D6A4D006DD14E /* Atlas */,
				95189D532811E85F006DD14E /* Particles */,
			);
			path = WarFly;
			sourceTree = "<group>";
		};
		95189D3E280D6A4D006DD14E /* Atlas */ = {
			isa = PBXGroup;
			children = (
				95189D35280CD04B006DD14E /* BluePowerUp.atlas */,
				95189D33280CD04A006DD14E /* Enemy_1.atlas */,
				95189D36280CD04B006DD14E /* Enemy_2.atlas */,
				95189D32280CD04A006DD14E /* GreenPowerUp.atlas */,
				95189D34280CD04A006DD14E /* PlayerPlane.atlas */,
				95189D37280CD04B006DD14E /* YellowAmmo.atlas */,
			);
			path = Atlas;
			sourceTree = "<group>";
		};
		95189D41280EFEAD006DD14E /* Supporting files */ = {
			isa = PBXGroup;
			children = (
				8DDBA37B27D262BE001B0280 /* AppDelegate.swift */,
				8DDBA38527D262BE001B0280 /* Main.storyboard */,
				8DDBA38827D262C3001B0280 /* Assets.xcassets */,
				8DDBA38A27D262C3001B0280 /* LaunchScreen.storyboard */,
			);
			path = "Supporting files";
			sourceTree = "<group>";
		};
		95189D42280EFF10006DD14E /* Protocols end Extensions */ = {
			isa = PBXGroup;
			children = (
				8DDBA39C27D28F7A001B0280 /* protocol GameBackgroundSpritable + Extension.swift */,
			);
			path = "Protocols end Extensions";
			sourceTree = "<group>";
		};
		95189D532811E85F006DD14E /* Particles */ = {
			isa = PBXGroup;
			children = (
				95189D4F2811E84A006DD14E /* EnemyExplosion.sks */,
				95189D502811E84A006DD14E /* Assets.xcassets */,
			);
			path = Particles;
			sourceTree = "<group>";
		};
		95205BEB280B28C800D8B1D1 /* Shot */ = {
			isa = PBXGroup;
			children = (
				95205BE7280AF7D300D8B1D1 /* Shot.swift */,
				95205BE9280B006900D8B1D1 /* YellowShot.swift */,
			);
			path = Shot;
			sourceTree = "<group>";
		};
		95205BFA280C39EF00D8B1D1 /* DownloadAtlases */ = {
			isa = PBXGroup;
			children = (
				95205BEC280B298000D8B1D1 /* Assets.swift */,
			);
			path = DownloadAtlases;
			sourceTree = "<group>";
		};
		95205BFD280C406400D8B1D1 /* Scene */ = {
			isa = PBXGroup;
			children = (
				8DDBA38127D262BE001B0280 /* GameScene.swift */,
				95205BFB280C3A9400D8B1D1 /* MenuScene.swift */,
				95189D4B2811A07A006DD14E /* OptionsScene.swift */,
				95189D4D2811C659006DD14E /* BestScene.swift */,
				95189D45280F3560006DD14E /* PauseScene.swift */,
				95189D4728100761006DD14E /* SceneManager.swift */,
				95189D4928119B28006DD14E /* ParentScene.swift */,
				95189D542812D29B006DD14E /* GameOverScene.swift */,
			);
			path = Scene;
			sourceTree = "<group>";
		};
		95205BFE280C40AA00D8B1D1 /* ViewController */ = {
			isa = PBXGroup;
			children = (
				8DDBA38327D262BE001B0280 /* GameViewController.swift */,
			);
			path = ViewController;
			sourceTree = "<group>";
		};
		95205C01280C70A000D8B1D1 /* BitMask */ = {
			isa = PBXGroup;
			children = (
				95205BFF280C597700D8B1D1 /* BitMaskCategory.swift */,
			);
			path = BitMask;
			sourceTree = "<group>";
		};
/* End PBXGroup section */

/* Begin PBXNativeTarget section */
		8DDBA37727D262BE001B0280 /* WarFly */ = {
			isa = PBXNativeTarget;
			buildConfigurationList = 8DDBA38F27D262C3001B0280 /* Build configuration list for PBXNativeTarget "WarFly" */;
			buildPhases = (
				8DDBA37427D262BE001B0280 /* Sources */,
				8DDBA37527D262BE001B0280 /* Frameworks */,
				8DDBA37627D262BE001B0280 /* Resources */,
			);
			buildRules = (
			);
			dependencies = (
			);
			name = WarFly;
			productName = WarFly;
			productReference = 8DDBA37827D262BE001B0280 /* WarFly.app */;
			productType = "com.apple.product-type.application";
		};
/* End PBXNativeTarget section */

/* Begin PBXProject section */
		8DDBA37027D262BE001B0280 /* Project object */ = {
			isa = PBXProject;
			attributes = {
				BuildIndependentTargetsInParallel = 1;
				LastSwiftUpdateCheck = 1320;
				LastUpgradeCheck = 1320;
				TargetAttributes = {
					8DDBA37727D262BE001B0280 = {
						CreatedOnToolsVersion = 13.2.1;
					};
				};
			};
			buildConfigurationList = 8DDBA37327D262BE001B0280 /* Build configuration list for PBXProject "WarFly" */;
			compatibilityVersion = "Xcode 13.0";
			developmentRegion = en;
			hasScannedForEncodings = 0;
			knownRegions = (
				en,
				Base,
			);
			mainGroup = 8DDBA36F27D262BE001B0280;
			productRefGroup = 8DDBA37927D262BE001B0280 /* Products */;
			projectDirPath = "";
			projectRoot = "";
			targets = (
				8DDBA37727D262BE001B0280 /* WarFly */,
			);
		};
/* End PBXProject section */

/* Begin PBXResourcesBuildPhase section */
		8DDBA37627D262BE001B0280 /* Resources */ = {
			isa = PBXResourcesBuildPhase;
			buildActionMask = 2147483647;
			files = (
				95189D38280CD04B006DD14E /* GreenPowerUp.atlas in Resources */,
				95189D3B280CD04B006DD14E /* BluePowerUp.atlas in Resources */,
				95189D522811E84A006DD14E /* Assets.xcassets in Resources */,
				8DDBA38727D262BE001B0280 /* Main.storyboard in Resources */,
				95189D3D280CD04B006DD14E /* YellowAmmo.atlas in Resources */,
				8DDBA38927D262C3001B0280 /* Assets.xcassets in Resources */,
				95189D3A280CD04B006DD14E /* PlayerPlane.atlas in Resources */,
				95189D512811E84A006DD14E /* EnemyExplosion.sks in Resources */,
				8DDBA38C27D262C3001B0280 /* LaunchScreen.storyboard in Resources */,
				95189D39280CD04B006DD14E /* Enemy_1.atlas in Resources */,
				95189D3C280CD04B006DD14E /* Enemy_2.atlas in Resources */,
			);
			runOnlyForDeploymentPostprocessing = 0;
		};
/* End PBXResourcesBuildPhase section */

/* Begin PBXSourcesBuildPhase section */
		8DDBA37427D262BE001B0280 /* Sources */ = {
			isa = PBXSourcesBuildPhase;
			buildActionMask = 2147483647;
			files = (
				8DDBA38227D262BE001B0280 /* GameScene.swift in Sources */,
				95205BEA280B006900D8B1D1 /* YellowShot.swift in Sources */,
				8DDBA39927D281C3001B0280 /* PlayerPlane.swift in Sources */,
				8DDBA39727D27268001B0280 /* Cloud.swift in Sources */,
				8DDBA38427D262BE001B0280 /* GameViewController.swift in Sources */,
				8D3114752806DC1600AE82BD /* BluePowerUp.swift in Sources */,
				8DDBA39D27D28F7A001B0280 /* protocol GameBackgroundSpritable + Extension.swift in Sources */,
				8DDBA37C27D262BE001B0280 /* AppDelegate.swift in Sources */,
				95205BED280B298000D8B1D1 /* Assets.swift in Sources */,
				8D27C1CF2804AB70007C7847 /* Enemy.swift in Sources */,
				95189D552812D29B006DD14E /* GameOverScene.swift in Sources */,
				95189D4828100761006DD14E /* SceneManager.swift in Sources */,
				8D3114772806DC2200AE82BD /* GreenPowerUp.swift in Sources */,
				8DDBA39527D2699B001B0280 /* Island.swift in Sources */,
				8D27C1CB28042CEA007C7847 /* PowerUp.swift in Sources */,
				95189D4E2811C659006DD14E /* BestScene.swift in Sources */,
				95205C00280C597700D8B1D1 /* BitMaskCategory.swift in Sources */,
				95205BFC280C3A9400D8B1D1 /* MenuScene.swift in Sources */,
				95189D4A28119B28006DD14E /* ParentScene.swift in Sources */,
				95189D46280F3560006DD14E /* PauseScene.swift in Sources */,
				95189D40280EFC56006DD14E /* HUD.swift in Sources */,
				95205BE8280AF7D300D8B1D1 /* Shot.swift in Sources */,
				8DDBA39327D26580001B0280 /* Background.swift in Sources */,
				95189D44280F02C3006DD14E /* ButtonNode.swift in Sources */,
				95189D4C2811A07A006DD14E /* OptionsScene.swift in Sources */,
			);
			runOnlyForDeploymentPostprocessing = 0;
		};
/* End PBXSourcesBuildPhase section */

/* Begin PBXVariantGroup section */
		8DDBA38527D262BE001B0280 /* Main.storyboard */ = {
			isa = PBXVariantGroup;
			children = (
				8DDBA38627D262BE001B0280 /* Base */,
			);
			name = Main.storyboard;
			sourceTree = "<group>";
		};
		8DDBA38A27D262C3001B0280 /* LaunchScreen.storyboard */ = {
			isa = PBXVariantGroup;
			children = (
				8DDBA38B27D262C3001B0280 /* Base */,
			);
			name = LaunchScreen.storyboard;
			sourceTree = "<group>";
		};
/* End PBXVariantGroup section */

/* Begin XCBuildConfiguration section */
		8DDBA38D27D262C3001B0280 /* Debug */ = {
			isa = XCBuildConfiguration;
			buildSettings = {
				ALWAYS_SEARCH_USER_PATHS = NO;
				CLANG_ANALYZER_NONNULL = YES;
				CLANG_ANALYZER_NUMBER_OBJECT_CONVERSION = YES_AGGRESSIVE;
				CLANG_CXX_LANGUAGE_STANDARD = "gnu++17";
				CLANG_CXX_LIBRARY = "libc++";
				CLANG_ENABLE_MODULES = YES;
				CLANG_ENABLE_OBJC_ARC = YES;
				CLANG_ENABLE_OBJC_WEAK = YES;
				CLANG_WARN_BLOCK_CAPTURE_AUTORELEASING = YES;
				CLANG_WARN_BOOL_CONVERSION = YES;
				CLANG_WARN_COMMA = YES;
				CLANG_WARN_CONSTANT_CONVERSION = YES;
				CLANG_WARN_DEPRECATED_OBJC_IMPLEMENTATIONS = YES;
				CLANG_WARN_DIRECT_OBJC_ISA_USAGE = YES_ERROR;
				CLANG_WARN_DOCUMENTATION_COMMENTS = YES;
				CLANG_WARN_EMPTY_BODY = YES;
				CLANG_WARN_ENUM_CONVERSION = YES;
				CLANG_WARN_INFINITE_RECURSION = YES;
				CLANG_WARN_INT_CONVERSION = YES;
				CLANG_WARN_NON_LITERAL_NULL_CONVERSION = YES;
				CLANG_WARN_OBJC_IMPLICIT_RETAIN_SELF = YES;
				CLANG_WARN_OBJC_LITERAL_CONVERSION = YES;
				CLANG_WARN_OBJC_ROOT_CLASS = YES_ERROR;
				CLANG_WARN_QUOTED_INCLUDE_IN_FRAMEWORK_HEADER = YES;
				CLANG_WARN_RANGE_LOOP_ANALYSIS = YES;
				CLANG_WARN_STRICT_PROTOTYPES = YES;
				CLANG_WARN_SUSPICIOUS_MOVE = YES;
				CLANG_WARN_UNGUARDED_AVAILABILITY = YES_AGGRESSIVE;
				CLANG_WARN_UNREACHABLE_CODE = YES;
				CLANG_WARN__DUPLICATE_METHOD_MATCH = YES;
				COPY_PHASE_STRIP = NO;
				DEBUG_INFORMATION_FORMAT = dwarf;
				ENABLE_STRICT_OBJC_MSGSEND = YES;
				ENABLE_TESTABILITY = YES;
				GCC_C_LANGUAGE_STANDARD = gnu11;
				GCC_DYNAMIC_NO_PIC = NO;
				GCC_NO_COMMON_BLOCKS = YES;
				GCC_OPTIMIZATION_LEVEL = 0;
				GCC_PREPROCESSOR_DEFINITIONS = (
					"DEBUG=1",
					"$(inherited)",
				);
				GCC_WARN_64_TO_32_BIT_CONVERSION = YES;
				GCC_WARN_ABOUT_RETURN_TYPE = YES_ERROR;
				GCC_WARN_UNDECLARED_SELECTOR = YES;
				GCC_WARN_UNINITIALIZED_AUTOS = YES_AGGRESSIVE;
				GCC_WARN_UNUSED_FUNCTION = YES;
				GCC_WARN_UNUSED_VARIABLE = YES;
				IPHONEOS_DEPLOYMENT_TARGET = 15.2;
				MTL_ENABLE_DEBUG_INFO = INCLUDE_SOURCE;
				MTL_FAST_MATH = YES;
				ONLY_ACTIVE_ARCH = YES;
				SDKROOT = iphoneos;
				SWIFT_ACTIVE_COMPILATION_CONDITIONS = DEBUG;
				SWIFT_OPTIMIZATION_LEVEL = "-Onone";
			};
			name = Debug;
		};
		8DDBA38E27D262C3001B0280 /* Release */ = {
			isa = XCBuildConfiguration;
			buildSettings = {
				ALWAYS_SEARCH_USER_PATHS = NO;
				CLANG_ANALYZER_NONNULL = YES;
				CLANG_ANALYZER_NUMBER_OBJECT_CONVERSION = YES_AGGRESSIVE;
				CLANG_CXX_LANGUAGE_STANDARD = "gnu++17";
				CLANG_CXX_LIBRARY = "libc++";
				CLANG_ENABLE_MODULES = YES;
				CLANG_ENABLE_OBJC_ARC = YES;
				CLANG_ENABLE_OBJC_WEAK = YES;
				CLANG_WARN_BLOCK_CAPTURE_AUTORELEASING = YES;
				CLANG_WARN_BOOL_CONVERSION = YES;
				CLANG_WARN_COMMA = YES;
				CLANG_WARN_CONSTANT_CONVERSION = YES;
				CLANG_WARN_DEPRECATED_OBJC_IMPLEMENTATIONS = YES;
				CLANG_WARN_DIRECT_OBJC_ISA_USAGE = YES_ERROR;
				CLANG_WARN_DOCUMENTATION_COMMENTS = YES;
				CLANG_WARN_EMPTY_BODY = YES;
				CLANG_WARN_ENUM_CONVERSION = YES;
				CLANG_WARN_INFINITE_RECURSION = YES;
				CLANG_WARN_INT_CONVERSION = YES;
				CLANG_WARN_NON_LITERAL_NULL_CONVERSION = YES;
				CLANG_WARN_OBJC_IMPLICIT_RETAIN_SELF = YES;
				CLANG_WARN_OBJC_LITERAL_CONVERSION = YES;
				CLANG_WARN_OBJC_ROOT_CLASS = YES_ERROR;
				CLANG_WARN_QUOTED_INCLUDE_IN_FRAMEWORK_HEADER = YES;
				CLANG_WARN_RANGE_LOOP_ANALYSIS = YES;
				CLANG_WARN_STRICT_PROTOTYPES = YES;
				CLANG_WARN_SUSPICIOUS_MOVE = YES;
				CLANG_WARN_UNGUARDED_AVAILABILITY = YES_AGGRESSIVE;
				CLANG_WARN_UNREACHABLE_CODE = YES;
				CLANG_WARN__DUPLICATE_METHOD_MATCH = YES;
				COPY_PHASE_STRIP = NO;
				DEBUG_INFORMATION_FORMAT = "dwarf-with-dsym";
				ENABLE_NS_ASSERTIONS = NO;
				ENABLE_STRICT_OBJC_MSGSEND = YES;
				GCC_C_LANGUAGE_STANDARD = gnu11;
				GCC_NO_COMMON_BLOCKS = YES;
				GCC_WARN_64_TO_32_BIT_CONVERSION = YES;
				GCC_WARN_ABOUT_RETURN_TYPE = YES_ERROR;
				GCC_WARN_UNDECLARED_SELECTOR = YES;
				GCC_WARN_UNINITIALIZED_AUTOS = YES_AGGRESSIVE;
				GCC_WARN_UNUSED_FUNCTION = YES;
				GCC_WARN_UNUSED_VARIABLE = YES;
				IPHONEOS_DEPLOYMENT_TARGET = 15.2;
				MTL_ENABLE_DEBUG_INFO = NO;
				MTL_FAST_MATH = YES;
				SDKROOT = iphoneos;
				SWIFT_COMPILATION_MODE = wholemodule;
				SWIFT_OPTIMIZATION_LEVEL = "-O";
				VALIDATE_PRODUCT = YES;
			};
			name = Release;
		};
		8DDBA39027D262C3001B0280 /* Debug */ = {
			isa = XCBuildConfiguration;
			buildSettings = {
				ASSETCATALOG_COMPILER_APPICON_NAME = AppIcon;
				ASSETCATALOG_COMPILER_GLOBAL_ACCENT_COLOR_NAME = AccentColor;
				CODE_SIGN_STYLE = Automatic;
				CURRENT_PROJECT_VERSION = 1;
				DEVELOPMENT_TEAM = 96Z9K772Z9;
				GENERATE_INFOPLIST_FILE = YES;
				INFOPLIST_KEY_UIApplicationSupportsIndirectInputEvents = YES;
				INFOPLIST_KEY_UILaunchStoryboardName = LaunchScreen;
				INFOPLIST_KEY_UIMainStoryboardFile = Main;
				INFOPLIST_KEY_UIStatusBarHidden = YES;
				INFOPLIST_KEY_UISupportedInterfaceOrientations = UIInterfaceOrientationPortrait;
				INFOPLIST_KEY_UISupportedInterfaceOrientations_iPad = "UIInterfaceOrientationPortrait UIInterfaceOrientationPortraitUpsideDown UIInterfaceOrientationLandscapeLeft UIInterfaceOrientationLandscapeRight";
				INFOPLIST_KEY_UISupportedInterfaceOrientations_iPhone = "UIInterfaceOrientationPortrait UIInterfaceOrientationLandscapeLeft UIInterfaceOrientationLandscapeRight";
				IPHONEOS_DEPLOYMENT_TARGET = 15.4;
				LD_RUNPATH_SEARCH_PATHS = (
					"$(inherited)",
					"@executable_path/Frameworks",
				);
				MARKETING_VERSION = 1.0;
				PRODUCT_BUNDLE_IDENTIFIER = ru.swiftbook.Program.WarFly;
				PRODUCT_NAME = "$(TARGET_NAME)";
				SWIFT_EMIT_LOC_STRINGS = YES;
				SWIFT_VERSION = 5.0;
				TARGETED_DEVICE_FAMILY = 1;
			};
			name = Debug;
		};
		8DDBA39127D262C3001B0280 /* Release */ = {
			isa = XCBuildConfiguration;
			buildSettings = {
				ASSETCATALOG_COMPILER_APPICON_NAME = AppIcon;
				ASSETCATALOG_COMPILER_GLOBAL_ACCENT_COLOR_NAME = AccentColor;
				CODE_SIGN_STYLE = Automatic;
				CURRENT_PROJECT_VERSION = 1;
				DEVELOPMENT_TEAM = 96Z9K772Z9;
				GENERATE_INFOPLIST_FILE = YES;
				INFOPLIST_KEY_UIApplicationSupportsIndirectInputEvents = YES;
				INFOPLIST_KEY_UILaunchStoryboardName = LaunchScreen;
				INFOPLIST_KEY_UIMainStoryboardFile = Main;
				INFOPLIST_KEY_UIStatusBarHidden = YES;
				INFOPLIST_KEY_UISupportedInterfaceOrientations = UIInterfaceOrientationPortrait;
				INFOPLIST_KEY_UISupportedInterfaceOrientations_iPad = "UIInterfaceOrientationPortrait UIInterfaceOrientationPortraitUpsideDown UIInterfaceOrientationLandscapeLeft UIInterfaceOrientationLandscapeRight";
				INFOPLIST_KEY_UISupportedInterfaceOrientations_iPhone = "UIInterfaceOrientationPortrait UIInterfaceOrientationLandscapeLeft UIInterfaceOrientationLandscapeRight";
				IPHONEOS_DEPLOYMENT_TARGET = 15.4;
				LD_RUNPATH_SEARCH_PATHS = (
					"$(inherited)",
					"@executable_path/Frameworks",
				);
				MARKETING_VERSION = 1.0;
				PRODUCT_BUNDLE_IDENTIFIER = ru.swiftbook.Program.WarFly;
				PRODUCT_NAME = "$(TARGET_NAME)";
				SWIFT_EMIT_LOC_STRINGS = YES;
				SWIFT_VERSION = 5.0;
				TARGETED_DEVICE_FAMILY = 1;
			};
			name = Release;
		};
/* End XCBuildConfiguration section */

/* Begin XCConfigurationList section */
		8DDBA37327D262BE001B0280 /* Build configuration list for PBXProject "WarFly" */ = {
			isa = XCConfigurationList;
			buildConfigurations = (
				8DDBA38D27D262C3001B0280 /* Debug */,
				8DDBA38E27D262C3001B0280 /* Release */,
			);
			defaultConfigurationIsVisible = 0;
			defaultConfigurationName = Release;
		};
		8DDBA38F27D262C3001B0280 /* Build configuration list for PBXNativeTarget "WarFly" */ = {
			isa = XCConfigurationList;
			buildConfigurations = (
				8DDBA39027D262C3001B0280 /* Debug */,
				8DDBA39127D262C3001B0280 /* Release */,
			);
			defaultConfigurationIsVisible = 0;
			defaultConfigurationName = Release;
		};
/* End XCConfigurationList section */
	};
	rootObject = 8DDBA37027D262BE001B0280 /* Project object */;
}
